# THIS IS AN AUTOGENERATED FILE. DO NOT EDIT THIS FILE DIRECTLY.
# yarn lockfile v1


commander@*:
  version "6.1.0"
  resolved "https://registry.npm.taobao.org/commander/download/commander-6.1.0.tgz?cache=0&sync_timestamp=1598576090524&other_urls=https%3A%2F%2Fregistry.npm.taobao.org%2Fcommander%2Fdownload%2Fcommander-6.1.0.tgz#f8d722b78103141006b66f4c7ba1e97315ba75bc"
  integrity sha1-+Ncit4EDFBAGtm9Me6HpcxW6dbw=

decode-uri-component@^0.2.0:
  version "0.2.0"
  resolved "https://registry.npm.taobao.org/decode-uri-component/download/decode-uri-component-0.2.0.tgz#eb3913333458775cb84cd1a1fae062106bb87545"
  integrity sha1-6zkTMzRYd1y4TNGh+uBiEGu4dUU=

is-url@^1.2.4:
  version "1.2.4"
  resolved "https://registry.npm.taobao.org/is-url/download/is-url-1.2.4.tgz#04a4df46d28c4cff3d73d01ff06abeb318a1aa52"
  integrity sha1-BKTfRtKMTP89c9Af8Gq+sxihqlI=

mockjs@^1.1.0:
  version "1.1.0"
  resolved "https://registry.npm.taobao.org/mockjs/download/mockjs-1.1.0.tgz#e6a0c378e91906dbaff20911cc0273b3c7d75b06"
  integrity sha1-5qDDeOkZBtuv8gkRzAJzs8fXWwY=
  dependencies:
    commander "*"

query-string@^6.12.1:
  version "6.13.6"
  resolved "https://registry.npm.taobao.org/query-string/download/query-string-6.13.6.tgz?cache=0&sync_timestamp=1602948770269&other_urls=https%3A%2F%2Fregistry.npm.taobao.org%2Fquery-string%2Fdownload%2Fquery-string-6.13.6.tgz#e5ac7c74f2a5da43fbca0b883b4f0bafba439966"
  integrity sha1-5ax8dPKl2kP7yguIO08Lr7pDmWY=
  dependencies:
    decode-uri-component "^0.2.0"
    split-on-first "^1.0.0"
    strict-uri-encode "^2.0.0"

split-on-first@^1.0.0:
  version "1.1.0"
  resolved "https://registry.npm.taobao.org/split-on-first/download/split-on-first-1.1.0.tgz#f610afeee3b12bce1d0c30425e76398b78249a5f"
  integrity sha1-9hCv7uOxK84dDDBCXnY5i3gkml8=

strict-uri-encode@^2.0.0:
  version "2.0.0"
  resolved "https://registry.npm.taobao.org/strict-uri-encode/download/strict-uri-encode-2.0.0.tgz#b9c7330c7042862f6b142dc274bbcc5866ce3546"
  integrity sha1-ucczDHBChi9rFC3CdLvMWGbONUY=

uni-read-pages@^1.0.5:
  version "1.0.5"
  resolved "https://registry.npm.taobao.org/uni-read-pages/download/uni-read-pages-1.0.5.tgz#452c8dcaa8977bbaef600909be926c8d9704387c"
  integrity sha1-RSyNyqiXe7rvYAkJvpJsjZcEOHw=

uni-simple-router@^1.5.5:
  version "1.5.5"
  resolved "https://registry.npm.taobao.org/uni-simple-router/download/uni-simple-router-1.5.5.tgz#598f4adbece98372f7cfeb3b8a627089b4203899"
  integrity sha1-WY9K2+zpg3L3z+s7imJwibQgOJk=
  dependencies:
    query-string "^6.12.1"
